{
    "_meta": {
        "hash": {
            "sha256": "bb6144bd95e5ec2f938a61c421c2fd0e9e7e04cb48cee41779e36303e3fd5e92"
        },
        "pipfile-spec": 6,
        "requires": {
            "python_version": "3.6"
        },
        "sources": [
            {
                "name": "pypi",
                "url": "https://pypi.tuna.tsinghua.edu.cn/simple",
                "verify_ssl": true
            }
        ]
    },
    "default": {
        "absl-py": {
            "hashes": [
                "sha256:e0eb8358b549552b1cc5972350bc3e41dd0a926c15b3ff95ce60f3c78c80824c"
            ],
            "version": "==0.2.2"
        },
        "astor": {
            "hashes": [
                "sha256:95c30d87a6c2cf89aa628b87398466840f0ad8652f88eb173125a6df8533fb8d",
                "sha256:fb503b9e2fdd05609fbf557b916b4a7824171203701660f0c55bbf5a7a68713e"
            ],
            "version": "==0.7.1"
        },
        "atomicwrites": {
            "hashes": [
                "sha256:240831ea22da9ab882b551b31d4225591e5e447a68c5e188db5b89ca1d487585",
                "sha256:a24da68318b08ac9c9c45029f4a10371ab5b20e4226738e150e6e7c571630ae6"
            ],
            "version": "==1.1.5"
        },
        "attrs": {
            "hashes": [
                "sha256:4b90b09eeeb9b88c35bc642cbac057e45a5fd85367b985bd2809c62b7b939265",
                "sha256:e0d0eb91441a3b53dab4d9b743eafc1ac44476296a2053b6ca3af0b139faf87b"
            ],
            "version": "==18.1.0"
        },
        "backports.weakref": {
            "hashes": [
                "sha256:81bc9b51c0abc58edc76aefbbc68c62a787918ffe943a37947e162c3f8e19e82",
                "sha256:bc4170a29915f8b22c9e7c4939701859650f2eb84184aee80da329ac0b9825c2"
            ],
            "version": "==1.0.post1"
        },
        "boto": {
            "hashes": [
                "sha256:147758d41ae7240dc989f0039f27da8ca0d53734be0eb869ef16e3adcfa462e8",
                "sha256:ea0d3b40a2d852767be77ca343b58a9e3a4b00d9db440efb8da74b4e58025e5a"
            ],
            "version": "==2.49.0"
        },
        "boto3": {
            "hashes": [
                "sha256:08f268d6eb3347061384e144121dcca1e454a7a8b6c8424a23d3a312cdebab68",
                "sha256:ce462e7505c03c3e6708ce6f264ac43d478886082af703ff69c502592df5d4f3"
            ],
            "version": "==1.7.58"
        },
        "botocore": {
            "hashes": [
                "sha256:17a88a578161dc12ecf14950afa93a354cf009380977921f7f52891acc5e751a",
                "sha256:e0e6b6d1fdbce81c28151136ee919d2cdeee13041559710cd5c93d7e4035a455"
            ],
            "version": "==1.10.58"
        },
        "bz2file": {
            "hashes": [
                "sha256:64c1f811e31556ba9931953c8ec7b397488726c63e09a4c67004f43bdd28da88"
            ],
            "version": "==0.98"
        },
        "certifi": {
            "hashes": [
                "sha256:13e698f54293db9f89122b0581843a782ad0934a4fe0172d2a980ba77fc61bb7",
                "sha256:9fa520c1bacfb634fa7af20a76bcbd3d5fb390481724c597da32c719a7dca4b0"
            ],
            "version": "==2018.4.16"
        },
        "chardet": {
            "hashes": [
                "sha256:84ab92ed1c4d4f16916e05906b6b75a6c0fb5db821cc65e70cbd64a3e2a5eaae",
                "sha256:fc323ffcaeaed0e0a02bf4d117757b98aed530d9ed4531e3e15460124c106691"
            ],
            "version": "==3.0.4"
        },
        "click": {
            "hashes": [
                "sha256:29f99fc6125fbc931b758dc053b3114e55c77a6e4c6c3a2674a2dc986016381d",
                "sha256:f15516df478d5a56180fbf80e68f206010e6d160fc39fa508b65e035fd75130b"
            ],
            "version": "==6.7"
        },
        "colorama": {
            "hashes": [
                "sha256:463f8483208e921368c9f306094eb6f725c6ca42b0f97e313cb5d5512459feda",
                "sha256:48eb22f4f8461b1df5734a074b57042430fb06e1d61bd1e11b078c0fe6d7a1f1"
            ],
            "version": "==0.3.9"
        },
        "docutils": {
            "hashes": [
                "sha256:02aec4bd92ab067f6ff27a38a38a41173bf01bed8f89157768c1573f53e474a6",
                "sha256:51e64ef2ebfb29cae1faa133b3710143496eca21c530f3f71424d77687764274",
                "sha256:7a4bd47eaf6596e1295ecb11361139febe29b084a87bf005bf899f9a42edc3c6"
            ],
            "version": "==0.14"
        },
        "elasticsearch": {
            "hashes": [
                "sha256:24c93ba3bb078328c70137c31d9bfcfa152f61c3df64823b99b25307123611df",
                "sha256:80ff7a1a56920535a9987da333c7e385b2ded27595b6de33860707dab758efbe"
            ],
            "index": "pypi",
            "version": "==6.3.0"
        },
        "enum34": {
            "hashes": [
                "sha256:2d81cbbe0e73112bdfe6ef8576f2238f2ba27dd0d55752a776c41d38b7da2850",
                "sha256:644837f692e5f550741432dd3f223bbb9852018674981b1664e5dc339387588a",
                "sha256:6bd0f6ad48ec2aa117d3d141940d484deccda84d4fcd884f5c3d93c23ecd8c79",
                "sha256:8ad8c4783bf61ded74527bffb48ed9b54166685e4230386a9ed9b1279e2df5b1"
            ],
            "version": "==1.1.6"
        },
        "flask": {
            "hashes": [
                "sha256:2271c0070dbcb5275fad4a82e29f23ab92682dc45f9dfbc22c02ba9b9322ce48",
                "sha256:a080b744b7e345ccfcbc77954861cb05b3c63786e93f2b3875e0913d44b43f05"
            ],
            "index": "pypi",
            "version": "==1.0.2"
        },
        "gast": {
            "hashes": [
                "sha256:7068908321ecd2774f145193c4b34a11305bd104b4551b09273dfd1d6a374930"
            ],
            "version": "==0.2.0"
        },
        "gensim": {
            "hashes": [
                "sha256:05a9ebec24af4958e54ec0f73acaf7d8afca62eef04110bea6a2a76f60742d7f",
                "sha256:14a45a5cf6744aeea294cb72d1a5c62e5ad3df1f0b2ab85a3d1557f6ed74d874",
                "sha256:2f755eb30e673b77e67c484a431900ea5791a4a18f53d608f54469ed26ba40ef",
                "sha256:387f65aa697f45322965b34d56001ff45c4b83eb0f49211dff60aa655afa4c40",
                "sha256:3a85b540d10f3e578dcea70d9ca622cb101d1625d140be799a5e3521cb7fe485",
                "sha256:3b62f0855a92fe0d5bb20bbc590d5097096628d7f91b304563561f08ed41fa0c",
                "sha256:4183b90f4870cc59d55036bfb0b37855539a393ad0416cbd4064796b89796491",
                "sha256:78ed9b6ac35f104542f3bee0386d71ddf9432d74c153065d2ea9f6baf10e5b49",
                "sha256:81d15e80f37a37c62c8ee62e4af6a9bf4f03f76442ff2f686146df4f5b2a7d17",
                "sha256:8228bbf8fe76c2e4d40c973f3cd78fc8ae6cf34bdbd6e3feb6b6c65c5f81ad79",
                "sha256:85a609d97d880ee6c2b1784e77406be04c376327b7dee65e84940b8e51dcb670",
                "sha256:94148d49191c79f0ebe9dd4f2ff6d4eb4f45edc8cab45bd33414f9ebe0c8f331",
                "sha256:99f156858597ee0e947f859f2c4fc92745f19bf2d37d210d8acdcc74c0d33218",
                "sha256:9dc4d04db846c87005e82a7180efa6faebea0234dae8772b920ac585f3b0e629",
                "sha256:a3459dc845917cbb39c223914c10cbe4a01744c21e3da017cdf137eb13337341",
                "sha256:b0346c7d8958e27012bbf3475db68b3e3084d224a5ed76324b9d696733fecba0",
                "sha256:d230b81ff94803c4b2089efbc7f3850b5c65a35bd7bc2a2096fd5e9f108758b9",
                "sha256:d6f06eef5e3d1614a19dc85bc3f88aecb3b6370498bfbb1bb31cb6c3d7c24a87"
            ],
            "index": "pypi",
            "version": "==3.5.0"
        },
        "grpcio": {
            "hashes": [
                "sha256:002f9170d8c0c10c33f643240c2332ce6eb8c8cc8c2b08d6a8f3172ef574751b",
                "sha256:0f80b28033105e99e08d84361b899c45bd6eb31d2765ff2ed7cb66b8b1d12820",
                "sha256:1012969abbec9a6c5d7b09ac829df296cb0a2ddebe70dd314abb881fa62cbcc9",
                "sha256:19af04506fec213de9a889343d4b090e9d0b675e1d9b8397ea6fc6521f939a48",
                "sha256:37cdffc26987ae2a077cc80fc0d87273e0e01ba15df40ec0a20d107e635700cf",
                "sha256:4e72b30a276e519d687dc53d86ecf9d65edf31dad473f3bbd041542bbf9df12f",
                "sha256:564499d84c2e90eb87819f7a299eaa2aee32db8208a8e8d00e8941a0c66413c0",
                "sha256:6324581e215157f0fbe335dff2e21a65b4406db98ac7cca05f1e23b4f510b426",
                "sha256:64758d2718f14792286b32d31560edb10c3726ce5d5875c3472c95908b658aeb",
                "sha256:67b36c6b0070ef858e5438e82d3a3fb19db33a174572019744d7b965c95fa9b0",
                "sha256:83766cdfc3492a693902eff193648b3cc9710e4a131815cd0cc60e30e9b7cf8f",
                "sha256:935a0b328b79e03a47d87960836513bab1150d0faab44aff7968f8623ed48d62",
                "sha256:982349cc24df7569ab955bafa3ba7575140db171c3bd757fa135d0c0c0d6990d",
                "sha256:9c79eaca4b0b8fb973c6e0c4c6cd4be44e76dfd09d56cfc7b2a959289fda6682",
                "sha256:9efcdfe1cc1670dde940f86e51fe080184f637106cf9b6d8dfc14cab9660d710",
                "sha256:a24a37e441c36d6605029cfb035806ef4f888a37d757e64fb0488d03c3fff806",
                "sha256:ab33b5965df89fd6e4ea7846cb9a28ece4e6d9ded23434d3321b992051a62de0",
                "sha256:ad6c12e9ab809fd4f8891a085a7655ca2690a5753bb6258d9d602084f610a223",
                "sha256:b1e4c83209bce5548029ed7df2af6a94415bb7dd37a2203183919d1d5a5249c9",
                "sha256:b87cdf8c4291875bda4b2a0f6747cab008fd9ea6c682a43d0869d308a16d0956",
                "sha256:b9e3793e0d1498e5c72993ba91f14e617e06e945d6562716bfbbbc6a9e7ab7de",
                "sha256:ba388412f64d6ac02098fcb77c409896297b058a8942d946bd1999699d35c123",
                "sha256:baaf1a0d5a5d9af67ec3ff0d9dfc1d642e7aba38e59ae60de1c6d1bd46406177",
                "sha256:be0d79c3253f7d23facc4dab96ada086e9b17048a36843041a5fac3bad9415e7",
                "sha256:ce3c23b1110238c1f440cdbceefd0c5fc7fcf3022c82c8a349514038aa69ac3d",
                "sha256:d9b9d309e7db3a988df0d12ba3c1ca4a7059c502c10ce34d4d65779bebbb6949",
                "sha256:ddd489b4730d7eccf9b836216d7137f85b3e68258a292a618a12e9ce5a7bcfb0",
                "sha256:dee025675506fc84f475b9fb0c8ce2cc9b663f9d7c7a22281ba878538be78fe8",
                "sha256:e6ac3198f4174c1b58e3a6b765d0b9cdcead231ba8bf4ddd30709320960b6e39",
                "sha256:e738782d0216087cb7ee9acc54305db9a30bf9a784bff7a407b748a91dd8c942",
                "sha256:f136b98861f27e2628f824c7c7e8d4bce47c9e18953fd00a0aca1d1c9cfd1b6c"
            ],
            "version": "==1.13.0"
        },
        "h5py": {
            "hashes": [
                "sha256:0f8cd2acbacf3177b4427ed42639c911667b1f24d923388ab1f8ad466a12be5e",
                "sha256:11277e3879098f921ee9e29105b20591e1dfdd44963357399f2abaa1a280c560",
                "sha256:1241dec0c94ac32f3285cac1d6f44beabf80423e422ab03bd2686d731a8a9294",
                "sha256:17b8187de0b3a945d8e8d031e7eb6ece2fce90791f9c5fde36f4396bf38fdde1",
                "sha256:2f30007d0796788a454c1293262f19f25e6428317d3d386f78138fba2a44e37d",
                "sha256:308e0758587ee16d4e73e7f2f8aae8351091e343bf0a43d2f697f9535465c816",
                "sha256:37cacddf0e8209905f52537a8cf71da0dd9a4de62bd79247274c97b24a408997",
                "sha256:38a23bb599748adf23d77f74885c0de6f4a7d9baa42f74e476bbf90fba2b47dd",
                "sha256:47ab18b7b7bbc36fd2b606289b703b6f0ee915b923d6ad94dd17ac80ebffc280",
                "sha256:486c78330af0bf33f5077b51d1888c0739c3cd1a03d5aade0d48572b3b5690ca",
                "sha256:4e2183458d6ef1ae87dfb5d6acd0786359336cd9ac0ece6396c09b59fdaa3bd6",
                "sha256:51d0595c3e58814c831f6cd2b664a5bf9590e26262c1d541b380d041e4fcb3c0",
                "sha256:56d259d56822b70881760b243957f04a0cf133f0ec65eae6a33f562826aee899",
                "sha256:5e6e777653169a3cc24ea56bb3d8c845ea391f8914c35bb6f350b0753a52891c",
                "sha256:62bfb0ebb0f59e5dccc0b0dbbc0fc40dd1d1e09d04c0dc71f89790231531d4a2",
                "sha256:67d89b64debfa021b54aa6f24bbf008403bd144748a0148596b518bce80d2fc4",
                "sha256:6bf38571f555fa214493ec6349d29024cc5f313bf1715b09f236c553fd22ae4d",
                "sha256:9214ca445c18a37bfe9c165982c0e317e2f21f035c8d635d1c6d9fcbaf35b7a8",
                "sha256:ab0c52850428d2e86029935389379c2c97f752e76b616da851deec8a4484f8ec",
                "sha256:b2eff336697d8dfd712c5d93fef9f4e4d3e97d9d8c258801836b8664a239e07a",
                "sha256:bb33fabc0b8f3fe3bb0f8d6821b2fad5b2a64c27a0808e8d1c5c1e3362062064",
                "sha256:bd5353ab342bae1262b04745934cc1565df4cbc8d6a979a0c98f42209bd5c265",
                "sha256:bd73444efd1ac06dac27b8405bbe8791a02fd1bc8a2fa0e575257f90b7b57467",
                "sha256:c45650de228ace7731e4280e14fb687f6d5c29cd666c5b22b42492b035e994d6",
                "sha256:d5c0c01da45f901a3d429e7ef9e7e22baa869e1affb8715f1bf94e6a30020740",
                "sha256:d75035db5bde802a29f4f29f18bb7548863d29ac90ccbf2c04c11799bbbba2c3",
                "sha256:dda88206dc9464923f27f601000bc5b152ac0bd6d0122f098d4f239150a70076",
                "sha256:e1c2ac5d0aa232c0f60fecc6bd1122346885086a176f939b91058c4c980cc226",
                "sha256:e626c65a8587921ebc7fb8d31a49addfdd0b9a9aa96315ea484c09803337b955"
            ],
            "version": "==2.8.0"
        },
        "idna": {
            "hashes": [
                "sha256:156a6814fb5ac1fc6850fb002e0852d56c0c8d2531923a51032d1b70760e186e",
                "sha256:684a38a6f903c1d71d6d5fac066b58d7768af4de2b832e426ec79c30daa94a16"
            ],
            "version": "==2.7"
        },
        "itsdangerous": {
            "hashes": [
                "sha256:cbb3fcf8d3e33df861709ecaf89d9e6629cff0a217bc2848f1b41cd30d360519"
            ],
            "version": "==0.24"
        },
        "jieba": {
            "hashes": [
                "sha256:de385e48582a4862e55a9167334d0fbe91d479026e5dac40e59e22c08b8e883e"
            ],
            "index": "pypi",
            "version": "==0.39"
        },
        "jinja2": {
            "hashes": [
                "sha256:74c935a1b8bb9a3947c50a54766a969d4846290e1e788ea44c1392163723c3bd",
                "sha256:f84be1bb0040caca4cea721fcbbbbd61f9be9464ca236387158b0feea01914a4"
            ],
            "version": "==2.10"
        },
        "jmespath": {
            "hashes": [
                "sha256:6a81d4c9aa62caf061cb517b4d9ad1dd300374cd4706997aff9cd6aedd61fc64",
                "sha256:f11b4461f425740a1d908e9a3f7365c3d2e569f6ca68a2ff8bc5bcd9676edd63"
            ],
            "version": "==0.9.3"
        },
        "jpype1": {
            "hashes": [
                "sha256:6841523631874a731e1f94e1b1f130686ad3772030eaa3b6946256eeb1d10dd1"
            ],
            "version": "==0.6.3"
        },
        "keras": {
            "hashes": [
                "sha256:5b8499d157af217f1a5ee33589e774127ebc3e266c833c22cb5afbb0ed1734bf",
                "sha256:fa71a1f576dbd643532b872b8952afb65cc3ff7ed20d172e6b49657b710b43d0"
            ],
            "index": "pypi",
            "version": "==2.2.0"
        },
        "keras-applications": {
            "hashes": [
                "sha256:7dceb9820b39c01459ea5e8922add86eb99a9e14354c33dc9981d5f5077fa0ac",
                "sha256:9924be748e5d180806d133c714d22895b997ed722757491dd99538851145d3bf"
            ],
            "version": "==1.0.2"
        },
        "keras-preprocessing": {
            "hashes": [
                "sha256:5283236f0b22a57b30bda766fc819b2ed2483c52f3e1f8b39fcc528f51f772e7",
                "sha256:8649ba6377ecc06ea10e0a8a954df5600d115b4b626861e33c79b41ec03c5194"
            ],
            "version": "==1.0.1"
        },
        "markdown": {
            "hashes": [
                "sha256:9ba587db9daee7ec761cfc656272be6aabe2ed300fece21208e4aab2e457bc8f",
                "sha256:a856869c7ff079ad84a3e19cd87a64998350c2b94e9e08e44270faef33400f81"
            ],
            "version": "==2.6.11"
        },
        "markupsafe": {
            "hashes": [
                "sha256:a6be69091dac236ea9c6bc7d012beab42010fa914c459791d627dad4910eb665"
            ],
            "version": "==1.0"
        },
        "mock": {
            "hashes": [
                "sha256:5ce3c71c5545b472da17b72268978914d0252980348636840bd34a00b5cc96c1",
                "sha256:b158b6df76edd239b8208d481dc46b6afd45a846b7812ff0ce58971cf5bc8bba"
            ],
            "version": "==2.0.0"
        },
        "more-itertools": {
            "hashes": [
                "sha256:2b6b9893337bfd9166bee6a62c2b0c9fe7735dcf85948b387ec8cba30e85d8e8",
                "sha256:6703844a52d3588f951883005efcf555e49566a48afd4db4e965d69b883980d3",
                "sha256:a18d870ef2ffca2b8463c0070ad17b5978056f403fb64e3f15fe62a52db21cc0"
            ],
            "version": "==4.2.0"
        },
        "neo4j-driver": {
            "hashes": [
                "sha256:77f9bba18167fa533b0f4caa1458b7523632756fc356677f4e2f10885106cf01"
            ],
            "version": "==1.6.1"
        },
        "neotime": {
            "hashes": [
                "sha256:849f2e7a67204d67d4cb57c523b6e1cf4d36baf105197294fee6585e76ebc632"
            ],
            "version": "==1.0.0"
        },
        "nltk": {
            "hashes": [
                "sha256:fe0eda251be65843be86d7de9abfbf7161732256f742e623b21243ec47bdb718"
            ],
            "index": "pypi",
            "version": "==3.3.0"
        },
        "numpy": {
            "hashes": [
                "sha256:07379fe0b450f6fd6e5934a9bc015025bb4ce1c8fbed3ca8bef29328b1bc9570",
                "sha256:085afac75bbc97a096744fcfc97a4b321c5a87220286811e85089ae04885acdd",
                "sha256:2d6481c6bdab1c75affc0fc71eb1bd4b3ecef620d06f2f60c3f00521d54be04f",
                "sha256:2df854df882d322d5c23087a4959e145b953dfff2abe1774fec4f639ac2f3160",
                "sha256:381ad13c30cd1d0b2f3da8a0c1a4aa697487e8bb0e9e0cbeb7439776bcb645f8",
                "sha256:385f1ce46e08676505b692bfde918c1e0b350963a15ef52d77691c2cf0f5dbf6",
                "sha256:4130e5ae16c656b7de654dc5e595cfeb85d3a4b0bb0734d19c0dce6dc7ee0e07",
                "sha256:4d278c2261be6423c5e63d8f0ceb1b0c6db3ff83f2906f4b860db6ae99ca1bb5",
                "sha256:51c5dcb51cf88b34b7d04c15f600b07c6ccbb73a089a38af2ab83c02862318da",
                "sha256:589336ba5199c8061239cf446ee2f2f1fcc0c68e8531ee1382b6fc0c66b2d388",
                "sha256:5ae3564cb630e155a650f4f9c054589848e97836bebae5637240a0d8099f817b",
                "sha256:5edf1acc827ed139086af95ce4449b7b664f57a8c29eb755411a634be280d9f2",
                "sha256:6b82b81c6b3b70ed40bc6d0b71222ebfcd6b6c04a6e7945a936e514b9113d5a3",
                "sha256:6c57f973218b776195d0356e556ec932698f3a563e2f640cfca7020086383f50",
                "sha256:758d1091a501fd2d75034e55e7e98bfd1370dc089160845c242db1c760d944d9",
                "sha256:8622db292b766719810e0cb0f62ef6141e15fe32b04e4eb2959888319e59336b",
                "sha256:8b8dcfcd630f1981f0f1e3846fae883376762a0c1b472baa35b145b911683b7b",
                "sha256:91fdd510743ae4df862dbd51a4354519dd9fb8941347526cd9c2194b792b3da9",
                "sha256:97fa8f1dceffab782069b291e38c4c2227f255cdac5f1e3346666931df87373e",
                "sha256:9b705f18b26fb551366ab6347ba9941b62272bf71c6bbcadcd8af94d10535241",
                "sha256:9d69967673ab7b028c2df09cae05ba56bf4e39e3cb04ebe452b6035c3b49848e",
                "sha256:9e1f53afae865cc32459ad211493cf9e2a3651a7295b7a38654ef3d123808996",
                "sha256:a4a433b3a264dbc9aa9c7c241e87c0358a503ea6394f8737df1683c7c9a102ac",
                "sha256:baadc5f770917ada556afb7651a68176559f4dca5f4b2d0947cd15b9fb84fb51",
                "sha256:c725d11990a9243e6ceffe0ab25a07c46c1cc2c5dc55e305717b5afe856c9608",
                "sha256:d696a8c87315a83983fc59dd27efe034292b9e8ad667aeae51a68b4be14690d9",
                "sha256:e1864a4e9f93ddb2dc6b62ccc2ec1f8250ff4ac0d3d7a15c8985dd4e1fbd6418",
                "sha256:e1d18421a7e2ad4a655b76e65d549d4159f8874c18a417464c1d439ee7ccc7cd"
            ],
            "version": "==1.14.5"
        },
        "pbr": {
            "hashes": [
                "sha256:4f2b11d95917af76e936811be8361b2b19616e5ef3b55956a429ec7864378e0c",
                "sha256:e0f23b61ec42473723b2fec2f33fb12558ff221ee551962f01dd4de9053c2055"
            ],
            "version": "==4.1.0"
        },
        "pluggy": {
            "hashes": [
                "sha256:7f8ae7f5bdf75671a718d2daf0a64b7885f74510bcd98b1a0bb420eb9a9d0cff",
                "sha256:d345c8fe681115900d6da8d048ba67c25df42973bda370783cd58826442dcd7c",
                "sha256:e160a7fcf25762bb60efc7e171d4497ff1d8d2d75a3d0df7a21b76821ecbf5c5"
            ],
            "version": "==0.6.0"
        },
        "prompt-toolkit": {
            "hashes": [
                "sha256:1df952620eccb399c53ebb359cc7d9a8d3a9538cb34c5a1344bdbeb29fbcc381",
                "sha256:3f473ae040ddaa52b52f97f6b4a493cfa9f5920c255a12dc56a7d34397a398a4",
                "sha256:858588f1983ca497f1cf4ffde01d978a3ea02b01c8a26a8bbc5cd2e66d816917"
            ],
            "version": "==1.0.15"
        },
        "protobuf": {
            "hashes": [
                "sha256:12985d9f40c104da2f44ec089449214876809b40fdc5d9e43b93b512b9e74056",
                "sha256:12c97fe27af12fc5d66b23f905ab09dd4fb0c68d5a74a419d914580e6d2e71e3",
                "sha256:327fb9d8a8247bc780b9ea7ed03c0643bc0d22c139b761c9ec1efc7cc3f0923e",
                "sha256:3895319db04c0b3baed74fb66be7ba9f4cd8e88a432b8e71032cdf08b2dfee23",
                "sha256:695072063e256d32335d48b9484451f7c7948edc3dbd419469d6a778602682fc",
                "sha256:7d786f3ef5b33a04e6538089674f244a3b0f588155016559d950989010af97d0",
                "sha256:8bf82bb7a466a54be7272dcb492f71d55a2453a58d862fb74c3f2083f2768543",
                "sha256:9bbc1ae1c33c1bd3a2fc05a3aec328544d2b039ff0ce6f000063628a32fad777",
                "sha256:9f1087abb67b34e55108bc610936b34363a7aac692023bcbb17e065c253a1f80",
                "sha256:9fefcb92a3784b446abf3641d9a14dad815bee88e0edd10b9a9e0e144d01a991",
                "sha256:a37836aa47d1b81c2db1a6b7a5e79926062b5d76bd962115a0e615551be2b48d",
                "sha256:cca22955443c55cf86f963a4ad7057bca95e4dcde84d6a493066d380cfab3bb0",
                "sha256:d7ac50bc06d31deb07ace6de85556c1d7330e5c0958f3b2af85037d6d1182abf",
                "sha256:dfe6899304b898538f4dc94fa0b281b56b70e40f58afa4c6f807805261cbe2e8"
            ],
            "version": "==3.6.0"
        },
        "psutil": {
            "hashes": [
                "sha256:0ff2b16e9045d01edb1dd10d7fbcc184012e37f6cd38029e959f2be9c6223f50",
                "sha256:254adb6a27c888f141d2a6032ae231d8ed4fc5f7583b4c825e5f7d7c78d26d2e",
                "sha256:319e12f6bae4d4d988fbff3bed792953fa3b44c791f085b0a1a230f755671ef7",
                "sha256:529ae235896efb99a6f77653a7138273ab701ec9f0343a1f5030945108dee3c4",
                "sha256:686e5a35fe4c0acc25f3466c32e716f2d498aaae7b7edc03e2305b682226bcf6",
                "sha256:6d981b4d863b20c8ceed98b8ac3d1ca7f96d28707a80845d360fa69c8fc2c44b",
                "sha256:7789885a72aa3075d28d028236eb3f2b84d908f81d38ad41769a6ddc2fd81b7c",
                "sha256:7f4616bcb44a6afda930cfc40215e5e9fa7c6896e683b287c771c937712fbe2f",
                "sha256:7fdb3d02bfd68f508e6745021311a4a4dbfec53fca03721474e985f310e249ba",
                "sha256:a9b85b335b40a528a8e2a6b549592138de8429c6296e7361892958956e6a73cf",
                "sha256:dc85fad15ef98103ecc047a0d81b55bbf5fe1b03313b96e883acc2e2fa87ed5c"
            ],
            "version": "==5.4.6"
        },
        "py": {
            "hashes": [
                "sha256:3fd59af7435864e1a243790d322d763925431213b6b8529c6ca71081ace3bbf7",
                "sha256:e31fb2767eb657cbde86c454f02e99cb846d3cd9d61b318525140214fdc0e98e"
            ],
            "version": "==1.5.4"
        },
        "py2neo": {
            "hashes": [
                "sha256:09805b0a2980607ed633689aceae26516f530795fef540ebcf26ab06faef3b38"
            ],
            "index": "pypi",
            "version": "==4.0.0"
        },
        "pygments": {
            "hashes": [
                "sha256:78f3f434bcc5d6ee09020f92ba487f95ba50f1e3ef83ae96b9d5ffa1bab25c5d",
                "sha256:dbae1046def0efb574852fab9e90209b23f556367b5a320c0bcb871c77c3e8cc"
            ],
            "version": "==2.2.0"
        },
        "pyhanlp": {
            "hashes": [
                "sha256:42319069afd791fb41f84cff5402ee644fa6953b6697e01934ccf9f9ea69199f"
            ],
            "index": "pypi",
            "version": "==0.1.44"
        },
        "pyltp": {
            "hashes": [
                "sha256:58e200cc11cb26a081a2804f3c80ef993656ed0f5585eda823db54fbd43309a6"
            ],
            "index": "pypi",
            "version": "==0.2.1"
        },
        "pytest": {
            "hashes": [
                "sha256:0453c8676c2bee6feb0434748b068d5510273a916295fd61d306c4f22fbfd752",
                "sha256:4b208614ae6d98195430ad6bde03641c78553acee7c83cec2e85d613c0cd383d"
            ],
            "index": "pypi",
            "version": "==3.6.3"
        },
        "python-dateutil": {
            "hashes": [
                "sha256:1adb80e7a782c12e52ef9a8182bebeb73f1d7e24e374397af06fb4956c8dc5c0",
                "sha256:e27001de32f627c22380a688bcc43ce83504a7bc5da472209b4c70f02829f0b8"
            ],
            "markers": "python_version >= '2.7'",
            "version": "==2.7.3"
        },
        "pytz": {
            "hashes": [
                "sha256:a061aa0a9e06881eb8b3b2b43f05b9439d6583c206d0a6c340ff72a7b6669053",
                "sha256:ffb9ef1de172603304d9d2819af6f5ece76f2e85ec10692a524dd876e72bf277"
            ],
            "version": "==2018.5"
        },
        "pyyaml": {
            "hashes": [
                "sha256:3d7da3009c0f3e783b2c873687652d83b1bbfd5c88e9813fb7e5b03c0dd3108b",
                "sha256:3ef3092145e9b70e3ddd2c7ad59bdd0252a94dfe3949721633e41344de00a6bf",
                "sha256:40c71b8e076d0550b2e6380bada1f1cd1017b882f7e16f09a65be98e017f211a",
                "sha256:558dd60b890ba8fd982e05941927a3911dc409a63dcb8b634feaa0cda69330d3",
                "sha256:a7c28b45d9f99102fa092bb213aa12e0aaf9a6a1f5e395d36166639c1f96c3a1",
                "sha256:aa7dd4a6a427aed7df6fb7f08a580d68d9b118d90310374716ae90b710280af1",
                "sha256:bc558586e6045763782014934bfaf39d48b8ae85a2713117d16c39864085c613",
                "sha256:d46d7982b62e0729ad0175a9bc7e10a566fc07b224d2c79fafb5e032727eaa04",
                "sha256:d5eef459e30b09f5a098b9cea68bebfeb268697f78d647bd255a085371ac7f3f",
                "sha256:e01d3203230e1786cd91ccfdc8f8454c8069c91bee3962ad93b87a4b2860f537",
                "sha256:e170a9e6fcfd19021dd29845af83bb79236068bf5fd4df3327c1be18182b2531"
            ],
            "version": "==3.13"
        },
        "requests": {
            "hashes": [
                "sha256:63b52e3c866428a224f97cab011de738c36aec0185aa91cfacd418b5d58911d1",
                "sha256:ec22d826a36ed72a7358ff3fe56cbd4ba69dd7a6718ffd450ff0e9df7a47ce6a"
            ],
            "version": "==2.19.1"
        },
        "s3transfer": {
            "hashes": [
                "sha256:90dc18e028989c609146e241ea153250be451e05ecc0c2832565231dacdf59c1",
                "sha256:c7a9ec356982d5e9ab2d4b46391a7d6a950e2b04c472419f5fdec70cc0ada72f"
            ],
            "version": "==0.1.13"
        },
        "scikit-learn": {
            "hashes": [
                "sha256:0a718b5ffbd5053fb3f9e1a2e20b7c4f256dd8035e246b907d3117d20bac0260",
                "sha256:1725540b754a9967778e9385e1ee2c8db50d5ab70ed835c9f5e36002ffabc169",
                "sha256:3e3ce307d7c5c5811658ba8686b24b571a8244eaafe707665ad601f400d5ce98",
                "sha256:42ad71502237c9fe300ecf157f5a394df717789a2dde541dd7034b539c70bdcc",
                "sha256:42cba716db197e0d1670e2fc13c4cc4a86d5c5358120ccfee6ec427b154e74ff",
                "sha256:47b4090b7686642e41176becb7c42ef3cc665d7ee0db5e7ea5d307ec9779327e",
                "sha256:51d99a08c8bf689cf60c9d8dca6e3d3e5f6d762def85ad735dcea11fb528a89b",
                "sha256:5f7577fbb2399a4712e96cf0e786638168940a876c33735a1b5d5a86ba4b1370",
                "sha256:66bfc2b6b15db1725d03ea657ec9184ff09dcbf1ecd834ef85f2edc2c9cbba97",
                "sha256:69a34d389d9ca4687ad00af4e11d53686771f484c37366f68617ef656bab16ab",
                "sha256:75297f3dd6685f01555f1bb75846995d45650af417280b69c81bf11b6987aed5",
                "sha256:9ebb38ab1d0ee143982aed561811903ac6c1abb512ae2b9019b3b65bde63ffb9",
                "sha256:a402c1484fe65df42d5dbc22a58e0695fe3afe2b0b229aee2a09c6d60ba8e5c2",
                "sha256:aad6b9aac1617bd7efa0450643888bbd3410679a94bc8680d9863825686ef369",
                "sha256:ad4db28d3dc16c01df75ed6efb72524537de3839a5d179fcf94094359fc72ec5",
                "sha256:b276739a5f863ccacb61999a3067d0895ee291c95502929b2ae56ea1f882e888",
                "sha256:b3dc88c4d2bcb26ffc5afe16d053ae28317d7d1de083651defcd5453a04f1563",
                "sha256:b3e4681253e95da5aa5c231889a32b084fd997962bf8beda6f796bf422f734b2",
                "sha256:c3d852d49d6c1710089d4513702099fa6f8e1aebfedf222319d80c47b0a195f8",
                "sha256:c6612e7e43988b8b5e1957150449493a55f9c059de641083df7a964f86f2d1e7",
                "sha256:c69e5c6051366a6ac9600d730276db939b1a205e42504ec0b8371f154b0058db",
                "sha256:ce121baa8e85ec27c3065281657dcd78adaab7dcb046c7fe96ad4e5a9dcb6610",
                "sha256:ed2a9a9bea6ec443b7effe5695c9c168b7bf9a67df6d880729760feda871b6a3",
                "sha256:efd842d70b87e3ef3429c3149840b9189d4441ca951ab0cec62c94a964e219d9",
                "sha256:f1428af5c381f6eef30ffbc7e047b7c713d4efa5d7bf5e57b62b3fc8d387044b",
                "sha256:f6c7bf8cd4de1640b760b47f4d28deb26dbbf9acbe0194cdff54a898e190d872",
                "sha256:f8329ac2160ad8bbbac6a507374685ceca3f24ca427fa9ee61a501280e1972d9",
                "sha256:fefba2a43b92f8393366093b60efbe984a72a2b41cce16b4002005e4104ef938"
            ],
            "version": "==0.19.2"
        },
        "scipy": {
            "hashes": [
                "sha256:0611ee97296265af4a21164a5323f8c1b4e8e15c582d3dfa7610825900136bb7",
                "sha256:08237eda23fd8e4e54838258b124f1cd141379a5f281b0a234ca99b38918c07a",
                "sha256:0e645dbfc03f279e1946cf07c9c754c2a1859cb4a41c5f70b25f6b3a586b6dbd",
                "sha256:0e9bb7efe5f051ea7212555b290e784b82f21ffd0f655405ac4f87e288b730b3",
                "sha256:108c16640849e5827e7d51023efb3bd79244098c3f21e4897a1007720cb7ce37",
                "sha256:340ef70f5b0f4e2b4b43c8c8061165911bc6b2ad16f8de85d9774545e2c47463",
                "sha256:3ad73dfc6f82e494195144bd3a129c7241e761179b7cb5c07b9a0ede99c686f3",
                "sha256:3b243c77a822cd034dad53058d7c2abf80062aa6f4a32e9799c95d6391558631",
                "sha256:404a00314e85eca9d46b80929571b938e97a143b4f2ddc2b2b3c91a4c4ead9c5",
                "sha256:423b3ff76957d29d1cce1bc0d62ebaf9a3fdfaf62344e3fdec14619bb7b5ad3a",
                "sha256:42d9149a2fff7affdd352d157fa5717033767857c11bd55aa4a519a44343dfef",
                "sha256:625f25a6b7d795e8830cb70439453c9f163e6870e710ec99eba5722775b318f3",
                "sha256:698c6409da58686f2df3d6f815491fd5b4c2de6817a45379517c92366eea208f",
                "sha256:729f8f8363d32cebcb946de278324ab43d28096f36593be6281ca1ee86ce6559",
                "sha256:8190770146a4c8ed5d330d5b5ad1c76251c63349d25c96b3094875b930c44692",
                "sha256:878352408424dffaa695ffedf2f9f92844e116686923ed9aa8626fc30d32cfd1",
                "sha256:8b984f0821577d889f3c7ca8445564175fb4ac7c7f9659b7c60bef95b2b70e76",
                "sha256:8f841bbc21d3dad2111a94c490fb0a591b8612ffea86b8e5571746ae76a3deac",
                "sha256:c22b27371b3866c92796e5d7907e914f0e58a36d3222c5d436ddd3f0e354227a",
                "sha256:d0cdd5658b49a722783b8b4f61a6f1f9c75042d0e29a30ccb6cacc9b25f6d9e2",
                "sha256:d40dc7f494b06dcee0d303e51a00451b2da6119acbeaccf8369f2d29e28917ac",
                "sha256:d8491d4784aceb1f100ddb8e31239c54e4afab8d607928a9f7ef2469ec35ae01",
                "sha256:dfc5080c38dde3f43d8fbb9c0539a7839683475226cf83e4b24363b227dfe552",
                "sha256:e24e22c8d98d3c704bb3410bce9b69e122a8de487ad3dbfe9985d154e5c03a40",
                "sha256:e7a01e53163818d56eabddcafdc2090e9daba178aad05516b20c6591c4811020",
                "sha256:ee677635393414930541a096fc8e61634304bb0153e4e02b75685b11eba14cae",
                "sha256:f0521af1b722265d824d6ad055acfe9bd3341765735c44b5a4d0069e189a0f40",
                "sha256:f25c281f12c0da726c6ed00535ca5d1622ec755c30a3f8eafef26cf43fede694"
            ],
            "version": "==1.1.0"
        },
        "six": {
            "hashes": [
                "sha256:70e8a77beed4562e7f14fe23a786b54f6296e34344c23bc42f07b15018ff98e9",
                "sha256:832dc0e10feb1aa2c68dcc57dbb658f1c7e65b9b61af69048abc87a2db00a0eb"
            ],
            "version": "==1.11.0"
        },
        "sklearn": {
            "hashes": [
                "sha256:e23001573aa194b834122d2b9562459bf5ae494a2d59ca6b8aa22c85a44c0e31"
            ],
            "index": "pypi",
            "version": "==0.0"
        },
        "smart-open": {
            "hashes": [
                "sha256:c2c2b44125a03d6e96efdf3e53e28be99e1f548e8a4fa8035f8fab448bbdbbda"
            ],
            "version": "==1.6.0"
        },
        "stanfordcorenlp": {
            "hashes": [
                "sha256:0bb4ad5f41a7daf119d37765a7d1f8172468dab1c396e0dbf2418ef191d559d7"
            ],
            "index": "pypi",
            "version": "==3.9.1.1"
        },
        "tensorboard": {
            "hashes": [
                "sha256:42a04637a636e16054b065907c81396b83a9702948ecd14218f19dc5cf85de98",
                "sha256:97661706fbe857c372405e0f5bd7c3db2197b5e70cec88f6924b726fde65c2c1"
            ],
            "version": "==1.9.0"
        },
        "tensorflow": {
            "hashes": [
                "sha256:01fca4d85855131c874cff811e0786f240e7270d5dfa699883bde60f550752b6",
                "sha256:22d71e13947b85ca8fb625db4d7094c68ebc014fee911db9d658205965268980",
                "sha256:393de695264357de6505a7dc86c7787b6caf0c1ec54830fe8dad105d090fd6a2",
                "sha256:3e8b783966a02d83027a92c3c55083ad8d8a0ddf4ad920f40ffaae107be79c78",
                "sha256:42cc87627c3b0f2d60776412eaaea3aa0856650a77f94bec841535908f77ee45",
                "sha256:51aa006ce0c7cbca3381e05bc7658f59cfec90a11480f2d35afd342cef8294d8",
                "sha256:7486408e0ce0381edc2935c3cdbc4052d7a5e8c36083c058ffa013ac6047bb24",
                "sha256:7d90a57373501b3fae0a109f5e5176883ec5417a43868970564b84ae9e64709d",
                "sha256:9215db0fa590a2da6a08d6c7ca41d940727c40332c80c968f1459470d6bf8873",
                "sha256:c6c8ec1b5a30e1fccebc4ddbee18b6df2bbaf3cf128ee086bc538738c1b3b9be",
                "sha256:cd83f4a50c0eaf18526e4e56e519c3593d998d1d213df161bbc78fffdd097cb8",
                "sha256:d351f7db08b8de322536c5886fada3e37feae809bfd37368050f9eeea544b87e"
            ],
            "index": "pypi",
            "version": "==1.9.0"
        },
        "termcolor": {
            "hashes": [
                "sha256:1d6d69ce66211143803fbc56652b41d73b4a400a2891d7bf7a1cdf4c02de613b"
            ],
            "version": "==1.1.0"
        },
        "urllib3": {
            "hashes": [
                "sha256:a68ac5e15e76e7e5dd2b8f94007233e01effe3e50e8daddf69acfd81cb686baf",
                "sha256:b5725a0bd4ba422ab0e66e89e030c806576753ea3ee08554382c14e685d117b5"
            ],
            "version": "==1.23"
        },
        "wcwidth": {
            "hashes": [
                "sha256:3df37372226d6e63e1b1e1eda15c594bca98a22d33a23832a90998faa96bc65e",
                "sha256:f4ebe71925af7b40a864553f761ed559b43544f8f71746c2d756c7fe788ade7c"
            ],
            "version": "==0.1.7"
        },
        "werkzeug": {
            "hashes": [
                "sha256:c3fd7a7d41976d9f44db327260e263132466836cef6f91512889ed60ad26557c",
                "sha256:d5da73735293558eb1651ee2fddc4d0dedcfa06538b8813a2e20011583c9e49b"
            ],
            "version": "==0.14.1"
        },
        "wheel": {
            "hashes": [
                "sha256:0a2e54558a0628f2145d2fc822137e322412115173e8a2ddbe1c9024338ae83c",
                "sha256:80044e51ec5bbf6c894ba0bc48d26a8c20a9ba629f4ca19ea26ecfcf87685f5f"
            ],
            "version": "==0.31.1"
        }
    },
    "develop": {}
}
